
Microsoft Visual Studio Solution File, Format Version 12.00
# Visual Studio Version 17
VisualStudioVersion = 17.0.31423.177
MinimumVisualStudioVersion = 10.0.40219.1
Project("{9A19103F-16F7-4668-BE54-9A1E7A4F7556}") = "Analyzers", "Analyzers\Analyzers.csproj", "{82C6F349-CB34-40B2-9586-27775E7589E0}"
EndProject
Project("{9A19103F-16F7-4668-BE54-9A1E7A4F7556}") = "CodeFixes", "CodeFixes\CodeFixes.csproj", "{67FEBD09-02BC-40EC-BA6A-A0FF1881DDF1}"
EndProject
Project("{9A19103F-16F7-4668-BE54-9A1E7A4F7556}") = "Package", "Package\Package.csproj", "{4C9B592D-A41C-451B-8344-AB9E9EABFFFD}"
EndProject
Project("{9A19103F-16F7-4668-BE54-9A1E7A4F7556}") = "Vsix", "Vsix\Vsix.csproj", "{0960BC39-7773-4966-8CD1-D17F6B7FC742}"
EndProject
Project("{9A19103F-16F7-4668-BE54-9A1E7A4F7556}") = "Generator", "Generator\Generator.csproj", "{D6167EBF-7385-45AC-BE4A-C38D40724169}"
EndProject
Project("{9A19103F-16F7-4668-BE54-9A1E7A4F7556}") = "Unit.Tests", "Tests\UnitTests\Unit.Tests.csproj", "{CC184E57-BE43-469C-9F08-2C96D3FAD932}"
EndProject
Project("{2150E333-8FDC-42A3-9474-1A3956D46DE8}") = "Distribution", "Distribution", "{EF1F3D63-1857-4D70-890F-C08AAEFC0624}"
EndProject
Project("{2150E333-8FDC-42A3-9474-1A3956D46DE8}") = "Tests", "Tests", "{6464CF92-DE64-40CC-B612-81D99F0B28AE}"
EndProject
Global
	GlobalSection(SolutionConfigurationPlatforms) = preSolution
		Debug|Any CPU = Debug|Any CPU
		Release|Any CPU = Release|Any CPU
	EndGlobalSection
	GlobalSection(ProjectConfigurationPlatforms) = postSolution
		{82C6F349-CB34-40B2-9586-27775E7589E0}.Debug|Any CPU.ActiveCfg = Debug|Any CPU
		{82C6F349-CB34-40B2-9586-27775E7589E0}.Debug|Any CPU.Build.0 = Debug|Any CPU
		{82C6F349-CB34-40B2-9586-27775E7589E0}.Release|Any CPU.ActiveCfg = Release|Any CPU
		{82C6F349-CB34-40B2-9586-27775E7589E0}.Release|Any CPU.Build.0 = Release|Any CPU
		{67FEBD09-02BC-40EC-BA6A-A0FF1881DDF1}.Debug|Any CPU.ActiveCfg = Debug|Any CPU
		{67FEBD09-02BC-40EC-BA6A-A0FF1881DDF1}.Debug|Any CPU.Build.0 = Debug|Any CPU
		{67FEBD09-02BC-40EC-BA6A-A0FF1881DDF1}.Release|Any CPU.ActiveCfg = Release|Any CPU
		{67FEBD09-02BC-40EC-BA6A-A0FF1881DDF1}.Release|Any CPU.Build.0 = Release|Any CPU
		{4C9B592D-A41C-451B-8344-AB9E9EABFFFD}.Debug|Any CPU.ActiveCfg = Debug|Any CPU
		{4C9B592D-A41C-451B-8344-AB9E9EABFFFD}.Debug|Any CPU.Build.0 = Debug|Any CPU
		{4C9B592D-A41C-451B-8344-AB9E9EABFFFD}.Release|Any CPU.ActiveCfg = Release|Any CPU
		{4C9B592D-A41C-451B-8344-AB9E9EABFFFD}.Release|Any CPU.Build.0 = Release|Any CPU
		{0960BC39-7773-4966-8CD1-D17F6B7FC742}.Debug|Any CPU.ActiveCfg = Debug|Any CPU
		{0960BC39-7773-4966-8CD1-D17F6B7FC742}.Debug|Any CPU.Build.0 = Debug|Any CPU
		{0960BC39-7773-4966-8CD1-D17F6B7FC742}.Release|Any CPU.ActiveCfg = Release|Any CPU
		{0960BC39-7773-4966-8CD1-D17F6B7FC742}.Release|Any CPU.Build.0 = Release|Any CPU
		{D6167EBF-7385-45AC-BE4A-C38D40724169}.Debug|Any CPU.ActiveCfg = Debug|Any CPU
		{D6167EBF-7385-45AC-BE4A-C38D40724169}.Debug|Any CPU.Build.0 = Debug|Any CPU
		{D6167EBF-7385-45AC-BE4A-C38D40724169}.Release|Any CPU.ActiveCfg = Release|Any CPU
		{D6167EBF-7385-45AC-BE4A-C38D40724169}.Release|Any CPU.Build.0 = Release|Any CPU
		{CC184E57-BE43-469C-9F08-2C96D3FAD932}.Debug|Any CPU.ActiveCfg = Debug|Any CPU
		{CC184E57-BE43-469C-9F08-2C96D3FAD932}.Debug|Any CPU.Build.0 = Debug|Any CPU
		{CC184E57-BE43-469C-9F08-2C96D3FAD932}.Release|Any CPU.ActiveCfg = Release|Any CPU
		{CC184E57-BE43-469C-9F08-2C96D3FAD932}.Release|Any CPU.Build.0 = Release|Any CPU
	EndGlobalSection
	GlobalSection(SolutionProperties) = preSolution
		HideSolutionNode = FALSE
	EndGlobalSection
	GlobalSection(NestedProjects) = preSolution
		{4C9B592D-A41C-451B-8344-AB9E9EABFFFD} = {EF1F3D63-1857-4D70-890F-C08AAEFC0624}
		{0960BC39-7773-4966-8CD1-D17F6B7FC742} = {EF1F3D63-1857-4D70-890F-C08AAEFC0624}
		{CC184E57-BE43-469C-9F08-2C96D3FAD932} = {6464CF92-DE64-40CC-B612-81D99F0B28AE}
	EndGlobalSection
	GlobalSection(ExtensibilityGlobals) = postSolution
		SolutionGuid = {29C911F7-E49F-455B-B11D-0F90D6DEE58B}
	EndGlobalSection
EndGlobal
